
Microsoft Visual Studio Solution File, Format Version 12.00
# Visual Studio Version 17
VisualStudioVersion = 17.0.32002.185
MinimumVisualStudioVersion = 10.0.40219.1
Project("{FAE04EC0-301F-11D3-BF4B-00C04F79EFBC}") = "VeloCar", "VeloCar\VeloCar.csproj", "{52A8F3AA-CA65-42FC-B232-9D8878630DEF}"
EndProject
Global
	GlobalSection(SolutionConfigurationPlatforms) = preSolution
		Debug|Any CPU = Debug|Any CPU
		Release|Any CPU = Release|Any CPU
	EndGlobalSection
	GlobalSection(ProjectConfigurationPlatforms) = postSolution
		{52A8F3AA-CA65-42FC-B232-9D8878630DEF}.Debug|Any CPU.ActiveCfg = Debug|Any CPU
		{52A8F3AA-CA65-42FC-B232-9D8878630DEF}.Debug|Any CPU.Build.0 = Debug|Any CPU
		{52A8F3AA-CA65-42FC-B232-9D8878630DEF}.Release|Any CPU.ActiveCfg = Release|Any CPU
		{52A8F3AA-CA65-42FC-B232-9D8878630DEF}.Release|Any CPU.Build.0 = Release|Any CPU
	EndGlobalSection
	GlobalSection(SolutionProperties) = preSolution
		HideSolutionNode = FALSE
	EndGlobalSection
	GlobalSection(ExtensibilityGlobals) = postSolution
		SolutionGuid = {14A69709-CA26-4F3A-8037-1433A47B89C8}
	EndGlobalSection
EndGlobal
